
Microsoft Visual Studio Solution File, Format Version 12.00
# Visual Studio Version 16
VisualStudioVersion = 16.0.32002.261
MinimumVisualStudioVersion = 10.0.40219.1
Project("{FAE04EC0-301F-11D3-BF4B-00C04F79EFBC}") = "SpringHeroBankClient", "SpringHeroBankClient\SpringHeroBankClient.csproj", "{5E5F5D5D-E488-4A16-AEAD-34C4BC808CB2}"
EndProject
Global
	GlobalSection(SolutionConfigurationPlatforms) = preSolution
		Debug|Any CPU = Debug|Any CPU
		Release|Any CPU = Release|Any CPU
	EndGlobalSection
	GlobalSection(ProjectConfigurationPlatforms) = postSolution
		{5E5F5D5D-E488-4A16-AEAD-34C4BC808CB2}.Debug|Any CPU.ActiveCfg = Debug|Any CPU
		{5E5F5D5D-E488-4A16-AEAD-34C4BC808CB2}.Debug|Any CPU.Build.0 = Debug|Any CPU
		{5E5F5D5D-E488-4A16-AEAD-34C4BC808CB2}.Release|Any CPU.ActiveCfg = Release|Any CPU
		{5E5F5D5D-E488-4A16-AEAD-34C4BC808CB2}.Release|Any CPU.Build.0 = Release|Any CPU
	EndGlobalSection
	GlobalSection(SolutionProperties) = preSolution
		HideSolutionNode = FALSE
	EndGlobalSection
	GlobalSection(ExtensibilityGlobals) = postSolution
		SolutionGuid = {FC590A4E-98B5-422F-B6E5-0C5BC35BD740}
	EndGlobalSection
EndGlobal
